# This file is generated by running "yarn install" inside your project.
# Manual changes might be lost - proceed with caution!

__metadata:
  version: 7
  cacheKey: 9

"@babel/runtime@npm:^7.12.1, @babel/runtime@npm:^7.9.2":
  version: 7.20.13
  resolution: "@babel/runtime@npm:7.20.13"
  dependencies:
    regenerator-runtime: "npm:^0.13.11"
  checksum: 0e09b4915318248aeeccdf6dc6a8ccdeedbe4b7187fa4159eaa569c4a407c36f3b8689296296b25246671987efe2253dd6e3bab63a40deedcdbd49b8845204e6
  languageName: node
  linkType: hard

"@reduxjs/toolkit@npm:^1.9.2":
  version: 1.9.2
  resolution: "@reduxjs/toolkit@npm:1.9.2"
  dependencies:
    immer: "npm:^9.0.16"
    redux: "npm:^4.2.0"
    redux-thunk: "npm:^2.4.2"
    reselect: "npm:^4.1.7"
  peerDependencies:
    react: ^16.9.0 || ^17.0.0 || ^18
    react-redux: ^7.2.1 || ^8.0.2
  peerDependenciesMeta:
    react:
      optional: true
    react-redux:
      optional: true
  checksum: b2e6d8b0fc53aaa582c5f18ceca1d768b732fcace6f2888013db1f5e9f9f489799556bdf5672b36e5e8171cc422014bf734621ce3145a406c096d8abf45cd7b9
  languageName: node
  linkType: hard

"@types/hoist-non-react-statics@npm:^3.3.1":
  version: 3.3.1
  resolution: "@types/hoist-non-react-statics@npm:3.3.1"
  dependencies:
    "@types/react": "npm:*"
    hoist-non-react-statics: "npm:^3.3.0"
  checksum: 6e252131d90ced0948b559b187bac10185040dbb0e2dcfb5c40d065003ea94c79d483e82b5961100e2e021057be3b1087fbbe34d55a302ca7aba6d059470fb33
  languageName: node
  linkType: hard

"@types/prop-types@npm:*":
  version: 15.7.5
  resolution: "@types/prop-types@npm:15.7.5"
  checksum: a6e04a01e1f632cc3fa5fffd79779f2f83a8fec1293cdf29b5a02aa4e1a1b38a124e824205a40de4e66532a0fa33c4f60337b55cec635080ea2571e55910460f
  languageName: node
  linkType: hard

"@types/react@npm:*":
  version: 18.0.27
  resolution: "@types/react@npm:18.0.27"
  dependencies:
    "@types/prop-types": "npm:*"
    "@types/scheduler": "npm:*"
    csstype: "npm:^3.0.2"
  checksum: 75c0b64773dc36bd094b3cc7fff5fb4cc385f60d7696bec2e0243806de69f2a2e35bec25d31f51bbbd6681639d8682a2d6eb94379759c70afc2f3ef5f87927b5
  languageName: node
  linkType: hard

"@types/scheduler@npm:*":
  version: 0.16.2
  resolution: "@types/scheduler@npm:0.16.2"
  checksum: 223d9b12d1eff3fe857e7eb967d640707c2a76ba1126633bae88dce7693301ea8edcce83586a17134a1822f01265f715809860085547b01db8de6a90f5165706
  languageName: node
  linkType: hard

"@types/use-sync-external-store@npm:^0.0.3":
  version: 0.0.3
  resolution: "@types/use-sync-external-store@npm:0.0.3"
  checksum: 803c4a8f739c2131e0fc8f73db317513627d7d14532bf674273048ccbf875603a06957a0bca4a154faa59ba4979c08afde38bc8c2e7d2c3e21bf8c57a4be229d
  languageName: node
  linkType: hard

"css-mediaquery@npm:^0.1.2":
  version: 0.1.2
  resolution: "css-mediaquery@npm:0.1.2"
  checksum: ea4e2eecf3d9912ff3be23b20472661e31b40e8e87069596128af7b440d5d644d38adf81014a5a3aafecdcc2398ee4500ce2e953485c26d4a23d0aedc060c10c
  languageName: node
  linkType: hard

"csstype@npm:^3.0.2":
  version: 3.1.1
  resolution: "csstype@npm:3.1.1"
  checksum: 39c4533f337cad38b9574a24b4b94bb203f091882295b6b4fb27e9e2b17148b188847f5fb728796af60bd0b80c502d510f89fe7ada3b661eaa6bca758c902036
  languageName: node
  linkType: hard

"hoist-non-react-statics@npm:^3.3.0, hoist-non-react-statics@npm:^3.3.2":
  version: 3.3.2
  resolution: "hoist-non-react-statics@npm:3.3.2"
  dependencies:
    react-is: "npm:^16.7.0"
  checksum: fb03b1e426696928dfbae467baf12bdf123fccb051d92fd677c4f290d43dea52ebe7a555c3afc6f3babc657961df2ab50a70bb13739be72904f893598b98b8d7
  languageName: node
  linkType: hard

"hyphenate-style-name@npm:^1.0.0":
  version: 1.0.4
  resolution: "hyphenate-style-name@npm:1.0.4"
  checksum: 85424236922363dfcdf6c9b492082b9365773a621d294afaff6cb2ff4189b17a1b7e4d06563f185d0fe60da0359bff8703edf654850f2280831e1593455f695e
  languageName: node
  linkType: hard

"immer@npm:^9.0.16":
  version: 9.0.19
  resolution: "immer@npm:9.0.19"
  checksum: 62cd5c8fc9fbed5652cd9220836aa295070c45069d9ee995537551c2f5d92d6970cf877e2cd78a166bbe66d1c1f4dc7c4d8e5d5b1dd926c7d8186d4390bce96b
  languageName: node
  linkType: hard

"js-tokens@npm:^3.0.0 || ^4.0.0":
  version: 4.0.0
  resolution: "js-tokens@npm:4.0.0"
  checksum: 47d1c18dc6b9eed4baf1db3d81b36feb95b463201c82ffce0d7a4d65ede596ba97d6ac2468974199705db9ef8a3433606af41fc7bbe7cb25c1dd601785413d9b
  languageName: node
  linkType: hard

"loose-envify@npm:^1.4.0":
  version: 1.4.0
  resolution: "loose-envify@npm:1.4.0"
  dependencies:
    js-tokens: "npm:^3.0.0 || ^4.0.0"
  bin:
    loose-envify: cli.js
  checksum: 39c5fc44c6a8f7f8a92cccf174554fbb307477ef493760407920fdd4ed5f6cc1aec5b6a5ab3c3767ef79547b3e1aea09d8ca08d773232c662d910cfe473a0590
  languageName: node
  linkType: hard

"matchmediaquery@npm:^0.3.0":
  version: 0.3.1
  resolution: "matchmediaquery@npm:0.3.1"
  dependencies:
    css-mediaquery: "npm:^0.1.2"
  checksum: 9fcc5bf1809fe737c299c29a95816a496b5e15c0d891d827d3351316562d12dcc0cfe99c7e9fe7a625df66ba716b9d9ea9ff854e9c57eda5c91854746bfc1512
  languageName: node
  linkType: hard

"next-redux-wrapper@npm:^8.1.0":
  version: 8.1.0
  resolution: "next-redux-wrapper@npm:8.1.0"
  peerDependencies:
    next: ">=9"
    react: "*"
    react-redux: "*"
  checksum: f4ca150cc524c71a32c7e65fddeab2f851834f88b4fc24d542c30eef6aa2e229ddd2a5b1e44c0571f54a262ef86b2130f851ae8c8e2ae7393f412663168ef6c2
  languageName: node
  linkType: hard

"object-assign@npm:^4.1.1":
  version: 4.1.1
  resolution: "object-assign@npm:4.1.1"
  checksum: f5cd1f2f1e82e12207e4f2377d9d7d90fbc0d9822a6afa717a6dcab6930d8925e1ebbbb25df770c31ff11335ee423459ba65ffa2e53999926c328b806b4d73d6
  languageName: node
  linkType: hard

"prop-types@npm:^15.6.1":
  version: 15.8.1
  resolution: "prop-types@npm:15.8.1"
  dependencies:
    loose-envify: "npm:^1.4.0"
    object-assign: "npm:^4.1.1"
    react-is: "npm:^16.13.1"
  checksum: 196295f119e0f38ec64b43c1121a7e3bdbfcf66b86a01d50df22a247eb22b644033097b53a3b0961ce64d540c7a2c505c844ff245cb548b4f6eda59bbac6fbf0
  languageName: node
  linkType: hard

"react-is@npm:^16.13.1, react-is@npm:^16.7.0":
  version: 16.13.1
  resolution: "react-is@npm:16.13.1"
  checksum: 0c9adc5d984db733fb1dd298f3e94cdec66bc328d27fb11df65971d2cc9a299008bc64baab8fe8e79943df85b445a1008b2cc9e270825d0fd056e5a0d2df8de6
  languageName: node
  linkType: hard

"react-is@npm:^18.0.0":
  version: 18.2.0
  resolution: "react-is@npm:18.2.0"
  checksum: f542f0effed3f89b4faa237bf56e746d437c9dba4ed1039a2ba6e6fcb463244300b8f3c17d8e610e76476a626c4d97ee4c2ed7a5b5d64e2b2e2d7b2144816ac8
  languageName: node
  linkType: hard

"react-redux@npm:^8.0.5":
  version: 8.0.5
  resolution: "react-redux@npm:8.0.5"
  dependencies:
    "@babel/runtime": "npm:^7.12.1"
    "@types/hoist-non-react-statics": "npm:^3.3.1"
    "@types/use-sync-external-store": "npm:^0.0.3"
    hoist-non-react-statics: "npm:^3.3.2"
    react-is: "npm:^18.0.0"
    use-sync-external-store: "npm:^1.0.0"
  peerDependencies:
    "@types/react": ^16.8 || ^17.0 || ^18.0
    "@types/react-dom": ^16.8 || ^17.0 || ^18.0
    react: ^16.8 || ^17.0 || ^18.0
    react-dom: ^16.8 || ^17.0 || ^18.0
    react-native: ">=0.59"
    redux: ^4
  peerDependenciesMeta:
    "@types/react":
      optional: true
    "@types/react-dom":
      optional: true
    react-dom:
      optional: true
    react-native:
      optional: true
    redux:
      optional: true
  checksum: 9dcb3127e959d03101fc6196ccf7e0ff4832c0550e2d2e2d97e1262d1a17821e92ebf47d56d40a08992e714d4b68a0c4f4b0293d96d3fc6f5d9af5c5f1eed883
  languageName: node
  linkType: hard

"react-responsive@npm:^9.0.2":
  version: 9.0.2
  resolution: "react-responsive@npm:9.0.2"
  dependencies:
    hyphenate-style-name: "npm:^1.0.0"
    matchmediaquery: "npm:^0.3.0"
    prop-types: "npm:^15.6.1"
    shallow-equal: "npm:^1.2.1"
  peerDependencies:
    react: ">=16.8.0"
  checksum: e7dfbca8d614e0fd94bd2b6bd1bfd03338b446a98b44f11f2ed1166a6ed4b54463db4b7068d933e1832fa50ba4d074f873b86c9e3a85de137ee8d2982758b689
  languageName: node
  linkType: hard

"redux-devtools-extension@npm:^2.13.9":
  version: 2.13.9
  resolution: "redux-devtools-extension@npm:2.13.9"
  peerDependencies:
    redux: ^3.1.0 || ^4.0.0
  checksum: e853ed07e8b2ebcf96949d79a6a970ba38db9ac1b688c7c42a00a7833c118ebfaf27cc7c996ad79a197a5ffb5a8d4c7b4abd98d9981c2084bde01b4a37bfd857
  languageName: node
  linkType: hard

"redux-persist@npm:^6.0.0":
  version: 6.0.0
  resolution: "redux-persist@npm:6.0.0"
  peerDependencies:
    redux: ">4.0.0"
  checksum: b29fe7e736dc765b8378dee3b37e48691f35d9e8e7ff98ca844769bf221d9eed4b632de737017932ec76da440745bdaad18d5181bd1405c5cde07c6f1a9b0865
  languageName: node
  linkType: hard

"redux-thunk@npm:^2.4.2":
  version: 2.4.2
  resolution: "redux-thunk@npm:2.4.2"
  peerDependencies:
    redux: ^4
  checksum: 4302aef7bdefa5e9709d01b97f768bcc0edb92993a52f79bd9ba3709f1b1f7b71201e5393b685cd0a37c5e49fc15741a1be04444c49dca4af91f926dbcf9d223
  languageName: node
  linkType: hard

"redux@npm:^4.2.0, redux@npm:^4.2.1":
  version: 4.2.1
  resolution: "redux@npm:4.2.1"
  dependencies:
    "@babel/runtime": "npm:^7.9.2"
  checksum: eedc108406f13d1add8c11030adaa0d0bc72ba94048da6778f3c5d260f3fdb48a47c445a4918dc3fa51ae70db4fce49cfe31f07cdf48858e371e15fcb6eb3eb5
  languageName: node
  linkType: hard

"regenerator-runtime@npm:^0.13.11":
  version: 0.13.11
  resolution: "regenerator-runtime@npm:0.13.11"
  checksum: 0485db63ce47760e28329590cb9f8b208365d076dbf2edaa32e551a7c0451fc6f7557b225268422c960ffa4fbc6ff86d63d6a747aacbf6b10ed6a747b432e3c8
  languageName: node
  linkType: hard

"reselect@npm:^4.1.7":
  version: 4.1.7
  resolution: "reselect@npm:4.1.7"
  checksum: 5b144c6fdf4bf01571788e9b0c9f743446c578a766c25dc1337b4779037249f4b680492603135c95cae8e6a2e6f5a6b339124aef00a759e9e7aca24e6bfdd8b7
  languageName: node
  linkType: hard

"root-workspace-0b6124@workspace:.":
  version: 0.0.0-use.local
  resolution: "root-workspace-0b6124@workspace:."
  dependencies:
    "@reduxjs/toolkit": "npm:^1.9.2"
    next-redux-wrapper: "npm:^8.1.0"
    react-redux: "npm:^8.0.5"
    react-responsive: "npm:^9.0.2"
    redux: "npm:^4.2.1"
    redux-devtools-extension: "npm:^2.13.9"
    redux-persist: "npm:^6.0.0"
    redux-thunk: "npm:^2.4.2"
  languageName: unknown
  linkType: soft

"shallow-equal@npm:^1.2.1":
  version: 1.2.1
  resolution: "shallow-equal@npm:1.2.1"
  checksum: 2c31d419510af67f20440a6d759d41bdeadeb8dd08cab08687a9dd1f7fc5aeccda4f2e8c83b9da001bf5984cff2f0fa264a81508ef1efc51df3a3023626fef9b
  languageName: node
  linkType: hard

"use-sync-external-store@npm:^1.0.0":
  version: 1.2.0
  resolution: "use-sync-external-store@npm:1.2.0"
  peerDependencies:
    react: ^16.8.0 || ^17.0.0 || ^18.0.0
  checksum: bed3d1f68ca3dd33647035dbeb9d3a5ece12fced0245cb0fa831426192e52e4948b0fc6e9187d9d4dce9f58269af605f8feeeda100d2928f8b865f9cd9cc4a4a
  languageName: node
  linkType: hard
